// !$*UTF8*$!
{
	archiveVersion = 1;
	classes = {
	};
	objectVersion = 46;
	objects = {

/* Begin PBXBuildFile section */
		0FC780AF1DC14131009515A9 /* MusicPlayerController.swift in Sources */ = {isa = PBXBuildFile; fileRef = 0FC780AE1DC14131009515A9 /* MusicPlayerController.swift */; };
		0FDD3FBB1DC25F5900AA3CCD /* ListenerMusicPlayerViewController.swift in Sources */ = {isa = PBXBuildFile; fileRef = 0FC780D21DC15E72009515A9 /* ListenerMusicPlayerViewController.swift */; };
		0FDD40221DC31C5400AA3CCD /* PreviouslyPlayedSongTableViewCell.swift in Sources */ = {isa = PBXBuildFile; fileRef = 0FDD40211DC31C5400AA3CCD /* PreviouslyPlayedSongTableViewCell.swift */; };
		4B0A945F1DBFCA6700DF39EE /* SegmentedControlViewController.swift in Sources */ = {isa = PBXBuildFile; fileRef = 4B0A945E1DBFCA6700DF39EE /* SegmentedControlViewController.swift */; };
		4B0A94611DBFE46900DF39EE /* SongQueueViewController.swift in Sources */ = {isa = PBXBuildFile; fileRef = 4B0A94601DBFE46900DF39EE /* SongQueueViewController.swift */; };
		4B0A94631DBFE7A900DF39EE /* SegmentedControl.swift in Sources */ = {isa = PBXBuildFile; fileRef = 4B0A94621DBFE7A900DF39EE /* SegmentedControl.swift */; };
		4B0A94651DBFEFB400DF39EE /* SongQueueTableViewCell.swift in Sources */ = {isa = PBXBuildFile; fileRef = 4B0A94641DBFEFB400DF39EE /* SongQueueTableViewCell.swift */; };
		652EF0491DC111B60020009B /* NetworkController.swift in Sources */ = {isa = PBXBuildFile; fileRef = 652EF0481DC111B60020009B /* NetworkController.swift */; };
		652EF04B1DC118280020009B /* AlbumController.swift in Sources */ = {isa = PBXBuildFile; fileRef = 652EF04A1DC118280020009B /* AlbumController.swift */; };
		652EF04F1DC129E60020009B /* SearchResultsViewController.swift in Sources */ = {isa = PBXBuildFile; fileRef = 652EF04E1DC129E60020009B /* SearchResultsViewController.swift */; };
		652EF0511DC13FE10020009B /* ImageController.swift in Sources */ = {isa = PBXBuildFile; fileRef = 652EF0501DC13FE10020009B /* ImageController.swift */; };
		652EF0531DC149B60020009B /* SearchController.swift in Sources */ = {isa = PBXBuildFile; fileRef = 652EF0521DC149B60020009B /* SearchController.swift */; };
		655BAB491DBFEF080073F487 /* Song.swift in Sources */ = {isa = PBXBuildFile; fileRef = 655BAB481DBFEF080073F487 /* Song.swift */; };
		655BAB4B1DBFEF180073F487 /* Album.swift in Sources */ = {isa = PBXBuildFile; fileRef = 655BAB4A1DBFEF180073F487 /* Album.swift */; };
		655BAB6F1DBFFC740073F487 /* SongQueueController.swift in Sources */ = {isa = PBXBuildFile; fileRef = 655BAB6E1DBFFC740073F487 /* SongQueueController.swift */; };
		811869761DBFBD0200FD2D7C /* AppDelegate.swift in Sources */ = {isa = PBXBuildFile; fileRef = 811869751DBFBD0200FD2D7C /* AppDelegate.swift */; };
		8118697B1DBFBD0200FD2D7C /* SearchAndQueue.storyboard in Resources */ = {isa = PBXBuildFile; fileRef = 811869791DBFBD0200FD2D7C /* SearchAndQueue.storyboard */; };
		8118697D1DBFBD0200FD2D7C /* Assets.xcassets in Resources */ = {isa = PBXBuildFile; fileRef = 8118697C1DBFBD0200FD2D7C /* Assets.xcassets */; };
		811869801DBFBD0200FD2D7C /* LaunchScreen.storyboard in Resources */ = {isa = PBXBuildFile; fileRef = 8118697E1DBFBD0200FD2D7C /* LaunchScreen.storyboard */; };
		8118698B1DBFBD0200FD2D7C /* OnAirTests.swift in Sources */ = {isa = PBXBuildFile; fileRef = 8118698A1DBFBD0200FD2D7C /* OnAirTests.swift */; };
		811869961DBFBD0200FD2D7C /* OnAirUITests.swift in Sources */ = {isa = PBXBuildFile; fileRef = 811869951DBFBD0200FD2D7C /* OnAirUITests.swift */; };
		811FD0FE1DC641DE0086AC3D /* TabBar.storyboard in Resources */ = {isa = PBXBuildFile; fileRef = 811FD0FD1DC641DE0086AC3D /* TabBar.storyboard */; };
		811FD1001DC6494E0086AC3D /* CustomTabBarController.swift in Sources */ = {isa = PBXBuildFile; fileRef = 811FD0FF1DC6494E0086AC3D /* CustomTabBarController.swift */; };
		811FD1021DC67EDD0086AC3D /* CustomTabBar.swift in Sources */ = {isa = PBXBuildFile; fileRef = 811FD1011DC67EDD0086AC3D /* CustomTabBar.swift */; };
		815742D31DBFE72800FF1619 /* DiscoveryViewController.swift in Sources */ = {isa = PBXBuildFile; fileRef = 815742D11DBFE72800FF1619 /* DiscoveryViewController.swift */; };
		815742D51DBFEE5100FF1619 /* MPCManager.swift in Sources */ = {isa = PBXBuildFile; fileRef = 815742D41DBFEE5100FF1619 /* MPCManager.swift */; };
		815742D81DC00B7F00FF1619 /* Discovery.storyboard in Resources */ = {isa = PBXBuildFile; fileRef = 815742D61DC00B7F00FF1619 /* Discovery.storyboard */; };
		815742DA1DC00B8800FF1619 /* ListenerMusicPlayer.storyboard in Resources */ = {isa = PBXBuildFile; fileRef = 815742D91DC00B8800FF1619 /* ListenerMusicPlayer.storyboard */; };
		815742DC1DC00BA100FF1619 /* BroadcastMusicPlayer.storyboard in Resources */ = {isa = PBXBuildFile; fileRef = 815742DB1DC00BA100FF1619 /* BroadcastMusicPlayer.storyboard */; };
		815743021DC1277E00FF1619 /* BroadcastMusicPlayerViewController.swift in Sources */ = {isa = PBXBuildFile; fileRef = 815743011DC1277E00FF1619 /* BroadcastMusicPlayerViewController.swift */; };
		81CA0FA41DC7A34700062511 /* CustomTabBarItem.swift in Sources */ = {isa = PBXBuildFile; fileRef = 81CA0FA31DC7A34700062511 /* CustomTabBarItem.swift */; };
/* End PBXBuildFile section */

/* Begin PBXContainerItemProxy section */
		811869871DBFBD0200FD2D7C /* PBXContainerItemProxy */ = {
			isa = PBXContainerItemProxy;
			containerPortal = 8118696A1DBFBD0100FD2D7C /* Project object */;
			proxyType = 1;
			remoteGlobalIDString = 811869711DBFBD0100FD2D7C;
			remoteInfo = OnAir;
		};
		811869921DBFBD0200FD2D7C /* PBXContainerItemProxy */ = {
			isa = PBXContainerItemProxy;
			containerPortal = 8118696A1DBFBD0100FD2D7C /* Project object */;
			proxyType = 1;
			remoteGlobalIDString = 811869711DBFBD0100FD2D7C;
			remoteInfo = OnAir;
		};
/* End PBXContainerItemProxy section */

/* Begin PBXFileReference section */
		0FC780AE1DC14131009515A9 /* MusicPlayerController.swift */ = {isa = PBXFileReference; fileEncoding = 4; lastKnownFileType = sourcecode.swift; path = MusicPlayerController.swift; sourceTree = "<group>"; };
		0FC780D21DC15E72009515A9 /* ListenerMusicPlayerViewController.swift */ = {isa = PBXFileReference; fileEncoding = 4; lastKnownFileType = sourcecode.swift; path = ListenerMusicPlayerViewController.swift; sourceTree = "<group>"; };
		0FDD40211DC31C5400AA3CCD /* PreviouslyPlayedSongTableViewCell.swift */ = {isa = PBXFileReference; fileEncoding = 4; lastKnownFileType = sourcecode.swift; path = PreviouslyPlayedSongTableViewCell.swift; sourceTree = "<group>"; };
		4B0A945E1DBFCA6700DF39EE /* SegmentedControlViewController.swift */ = {isa = PBXFileReference; fileEncoding = 4; lastKnownFileType = sourcecode.swift; path = SegmentedControlViewController.swift; sourceTree = "<group>"; };
		4B0A94601DBFE46900DF39EE /* SongQueueViewController.swift */ = {isa = PBXFileReference; fileEncoding = 4; lastKnownFileType = sourcecode.swift; path = SongQueueViewController.swift; sourceTree = "<group>"; };
		4B0A94621DBFE7A900DF39EE /* SegmentedControl.swift */ = {isa = PBXFileReference; fileEncoding = 4; lastKnownFileType = sourcecode.swift; path = SegmentedControl.swift; sourceTree = "<group>"; };
		4B0A94641DBFEFB400DF39EE /* SongQueueTableViewCell.swift */ = {isa = PBXFileReference; fileEncoding = 4; lastKnownFileType = sourcecode.swift; path = SongQueueTableViewCell.swift; sourceTree = "<group>"; };
		652EF0481DC111B60020009B /* NetworkController.swift */ = {isa = PBXFileReference; fileEncoding = 4; lastKnownFileType = sourcecode.swift; path = NetworkController.swift; sourceTree = "<group>"; };
		652EF04A1DC118280020009B /* AlbumController.swift */ = {isa = PBXFileReference; fileEncoding = 4; lastKnownFileType = sourcecode.swift; path = AlbumController.swift; sourceTree = "<group>"; };
		652EF04E1DC129E60020009B /* SearchResultsViewController.swift */ = {isa = PBXFileReference; fileEncoding = 4; lastKnownFileType = sourcecode.swift; path = SearchResultsViewController.swift; sourceTree = "<group>"; };
		652EF0501DC13FE10020009B /* ImageController.swift */ = {isa = PBXFileReference; fileEncoding = 4; lastKnownFileType = sourcecode.swift; path = ImageController.swift; sourceTree = "<group>"; };
		652EF0521DC149B60020009B /* SearchController.swift */ = {isa = PBXFileReference; fileEncoding = 4; lastKnownFileType = sourcecode.swift; path = SearchController.swift; sourceTree = "<group>"; };
		655BAB481DBFEF080073F487 /* Song.swift */ = {isa = PBXFileReference; fileEncoding = 4; lastKnownFileType = sourcecode.swift; path = Song.swift; sourceTree = "<group>"; };
		655BAB4A1DBFEF180073F487 /* Album.swift */ = {isa = PBXFileReference; fileEncoding = 4; lastKnownFileType = sourcecode.swift; path = Album.swift; sourceTree = "<group>"; };
		655BAB6E1DBFFC740073F487 /* SongQueueController.swift */ = {isa = PBXFileReference; fileEncoding = 4; lastKnownFileType = sourcecode.swift; path = SongQueueController.swift; sourceTree = "<group>"; };
		811869721DBFBD0200FD2D7C /* OnAir.app */ = {isa = PBXFileReference; explicitFileType = wrapper.application; includeInIndex = 0; path = OnAir.app; sourceTree = BUILT_PRODUCTS_DIR; };
		811869751DBFBD0200FD2D7C /* AppDelegate.swift */ = {isa = PBXFileReference; lastKnownFileType = sourcecode.swift; path = AppDelegate.swift; sourceTree = "<group>"; };
		8118697A1DBFBD0200FD2D7C /* Base */ = {isa = PBXFileReference; lastKnownFileType = file.storyboard; name = Base; path = Base.lproj/SearchAndQueue.storyboard; sourceTree = "<group>"; };
		8118697C1DBFBD0200FD2D7C /* Assets.xcassets */ = {isa = PBXFileReference; lastKnownFileType = folder.assetcatalog; path = Assets.xcassets; sourceTree = "<group>"; };
		8118697F1DBFBD0200FD2D7C /* Base */ = {isa = PBXFileReference; lastKnownFileType = file.storyboard; name = Base; path = Base.lproj/LaunchScreen.storyboard; sourceTree = "<group>"; };
		811869811DBFBD0200FD2D7C /* Info.plist */ = {isa = PBXFileReference; lastKnownFileType = text.plist.xml; path = Info.plist; sourceTree = "<group>"; };
		811869861DBFBD0200FD2D7C /* OnAirTests.xctest */ = {isa = PBXFileReference; explicitFileType = wrapper.cfbundle; includeInIndex = 0; path = OnAirTests.xctest; sourceTree = BUILT_PRODUCTS_DIR; };
		8118698A1DBFBD0200FD2D7C /* OnAirTests.swift */ = {isa = PBXFileReference; lastKnownFileType = sourcecode.swift; path = OnAirTests.swift; sourceTree = "<group>"; };
		8118698C1DBFBD0200FD2D7C /* Info.plist */ = {isa = PBXFileReference; lastKnownFileType = text.plist.xml; path = Info.plist; sourceTree = "<group>"; };
		811869911DBFBD0200FD2D7C /* OnAirUITests.xctest */ = {isa = PBXFileReference; explicitFileType = wrapper.cfbundle; includeInIndex = 0; path = OnAirUITests.xctest; sourceTree = BUILT_PRODUCTS_DIR; };
		811869951DBFBD0200FD2D7C /* OnAirUITests.swift */ = {isa = PBXFileReference; lastKnownFileType = sourcecode.swift; path = OnAirUITests.swift; sourceTree = "<group>"; };
		811869971DBFBD0200FD2D7C /* Info.plist */ = {isa = PBXFileReference; lastKnownFileType = text.plist.xml; path = Info.plist; sourceTree = "<group>"; };
		811FD0FD1DC641DE0086AC3D /* TabBar.storyboard */ = {isa = PBXFileReference; fileEncoding = 4; lastKnownFileType = file.storyboard; path = TabBar.storyboard; sourceTree = "<group>"; };
		811FD0FF1DC6494E0086AC3D /* CustomTabBarController.swift */ = {isa = PBXFileReference; fileEncoding = 4; lastKnownFileType = sourcecode.swift; path = CustomTabBarController.swift; sourceTree = "<group>"; };
		811FD1011DC67EDD0086AC3D /* CustomTabBar.swift */ = {isa = PBXFileReference; fileEncoding = 4; lastKnownFileType = sourcecode.swift; path = CustomTabBar.swift; sourceTree = "<group>"; };
		815742D11DBFE72800FF1619 /* DiscoveryViewController.swift */ = {isa = PBXFileReference; fileEncoding = 4; lastKnownFileType = sourcecode.swift; path = DiscoveryViewController.swift; sourceTree = "<group>"; };
		815742D41DBFEE5100FF1619 /* MPCManager.swift */ = {isa = PBXFileReference; fileEncoding = 4; lastKnownFileType = sourcecode.swift; path = MPCManager.swift; sourceTree = "<group>"; };
		815742D71DC00B7F00FF1619 /* Base */ = {isa = PBXFileReference; lastKnownFileType = file.storyboard; name = Base; path = Base.lproj/Discovery.storyboard; sourceTree = "<group>"; };
		815742D91DC00B8800FF1619 /* ListenerMusicPlayer.storyboard */ = {isa = PBXFileReference; fileEncoding = 4; lastKnownFileType = file.storyboard; path = ListenerMusicPlayer.storyboard; sourceTree = "<group>"; };
		815742DB1DC00BA100FF1619 /* BroadcastMusicPlayer.storyboard */ = {isa = PBXFileReference; fileEncoding = 4; lastKnownFileType = file.storyboard; path = BroadcastMusicPlayer.storyboard; sourceTree = "<group>"; };
		815743011DC1277E00FF1619 /* BroadcastMusicPlayerViewController.swift */ = {isa = PBXFileReference; fileEncoding = 4; lastKnownFileType = sourcecode.swift; path = BroadcastMusicPlayerViewController.swift; sourceTree = "<group>"; };
		81CA0FA31DC7A34700062511 /* CustomTabBarItem.swift */ = {isa = PBXFileReference; fileEncoding = 4; lastKnownFileType = sourcecode.swift; path = CustomTabBarItem.swift; sourceTree = "<group>"; };
/* End PBXFileReference section */

/* Begin PBXFrameworksBuildPhase section */
		8118696F1DBFBD0100FD2D7C /* Frameworks */ = {
			isa = PBXFrameworksBuildPhase;
			buildActionMask = 2147483647;
			files = (
			);
			runOnlyForDeploymentPostprocessing = 0;
		};
		811869831DBFBD0200FD2D7C /* Frameworks */ = {
			isa = PBXFrameworksBuildPhase;
			buildActionMask = 2147483647;
			files = (
			);
			runOnlyForDeploymentPostprocessing = 0;
		};
		8118698E1DBFBD0200FD2D7C /* Frameworks */ = {
			isa = PBXFrameworksBuildPhase;
			buildActionMask = 2147483647;
			files = (
			);
			runOnlyForDeploymentPostprocessing = 0;
		};
/* End PBXFrameworksBuildPhase section */

/* Begin PBXGroup section */
		655BAB471DBFEEF40073F487 /* Model */ = {
			isa = PBXGroup;
			children = (
				655BAB481DBFEF080073F487 /* Song.swift */,
				655BAB4A1DBFEF180073F487 /* Album.swift */,
			);
			name = Model;
			sourceTree = "<group>";
		};
		655BAB6D1DBFFC2D0073F487 /* Controllers */ = {
			isa = PBXGroup;
			children = (
				0FC780AE1DC14131009515A9 /* MusicPlayerController.swift */,
				4B0A94621DBFE7A900DF39EE /* SegmentedControl.swift */,
				655BAB6E1DBFFC740073F487 /* SongQueueController.swift */,
				815742D41DBFEE5100FF1619 /* MPCManager.swift */,
				652EF0481DC111B60020009B /* NetworkController.swift */,
				652EF04A1DC118280020009B /* AlbumController.swift */,
				652EF0501DC13FE10020009B /* ImageController.swift */,
				652EF0521DC149B60020009B /* SearchController.swift */,
				811FD0FF1DC6494E0086AC3D /* CustomTabBarController.swift */,
				811FD1011DC67EDD0086AC3D /* CustomTabBar.swift */,
				81CA0FA31DC7A34700062511 /* CustomTabBarItem.swift */,
			);
			name = Controllers;
			sourceTree = "<group>";
		};
		811869691DBFBD0100FD2D7C = {
			isa = PBXGroup;
			children = (
				811869741DBFBD0200FD2D7C /* OnAir */,
				811869891DBFBD0200FD2D7C /* OnAirTests */,
				811869941DBFBD0200FD2D7C /* OnAirUITests */,
				811869731DBFBD0200FD2D7C /* Products */,
			);
			sourceTree = "<group>";
		};
		811869731DBFBD0200FD2D7C /* Products */ = {
			isa = PBXGroup;
			children = (
				811869721DBFBD0200FD2D7C /* OnAir.app */,
				811869861DBFBD0200FD2D7C /* OnAirTests.xctest */,
				811869911DBFBD0200FD2D7C /* OnAirUITests.xctest */,
			);
			name = Products;
			sourceTree = "<group>";
		};
		811869741DBFBD0200FD2D7C /* OnAir */ = {
			isa = PBXGroup;
			children = (
				811869751DBFBD0200FD2D7C /* AppDelegate.swift */,
				655BAB6D1DBFFC2D0073F487 /* Controllers */,
				655BAB471DBFEEF40073F487 /* Model */,
				815742E01DC06FEB00FF1619 /* View Controllers */,
				815742E11DC06FFA00FF1619 /* Custom Cells */,
				815742DD1DC00BA600FF1619 /* Views */,
				815742E21DC0704200FF1619 /* Resources */,
			);
			path = OnAir;
			sourceTree = "<group>";
		};
		811869891DBFBD0200FD2D7C /* OnAirTests */ = {
			isa = PBXGroup;
			children = (
				8118698A1DBFBD0200FD2D7C /* OnAirTests.swift */,
				8118698C1DBFBD0200FD2D7C /* Info.plist */,
			);
			path = OnAirTests;
			sourceTree = "<group>";
		};
		811869941DBFBD0200FD2D7C /* OnAirUITests */ = {
			isa = PBXGroup;
			children = (
				811869951DBFBD0200FD2D7C /* OnAirUITests.swift */,
				811869971DBFBD0200FD2D7C /* Info.plist */,
			);
			path = OnAirUITests;
			sourceTree = "<group>";
		};
		815742DD1DC00BA600FF1619 /* Views */ = {
			isa = PBXGroup;
			children = (
				811869791DBFBD0200FD2D7C /* SearchAndQueue.storyboard */,
				815742D91DC00B8800FF1619 /* ListenerMusicPlayer.storyboard */,
				815742DB1DC00BA100FF1619 /* BroadcastMusicPlayer.storyboard */,
				815742D61DC00B7F00FF1619 /* Discovery.storyboard */,
				811FD0FD1DC641DE0086AC3D /* TabBar.storyboard */,
				8118697E1DBFBD0200FD2D7C /* LaunchScreen.storyboard */,
			);
			name = Views;
			sourceTree = "<group>";
		};
		815742E01DC06FEB00FF1619 /* View Controllers */ = {
			isa = PBXGroup;
			children = (
				0FC780D21DC15E72009515A9 /* ListenerMusicPlayerViewController.swift */,
				815742D11DBFE72800FF1619 /* DiscoveryViewController.swift */,
				815743011DC1277E00FF1619 /* BroadcastMusicPlayerViewController.swift */,
				4B0A94601DBFE46900DF39EE /* SongQueueViewController.swift */,
				4B0A945E1DBFCA6700DF39EE /* SegmentedControlViewController.swift */,
				652EF04E1DC129E60020009B /* SearchResultsViewController.swift */,
			);
			name = "View Controllers";
			sourceTree = "<group>";
		};
		815742E11DC06FFA00FF1619 /* Custom Cells */ = {
			isa = PBXGroup;
			children = (
				0FDD40211DC31C5400AA3CCD /* PreviouslyPlayedSongTableViewCell.swift */,
				4B0A94641DBFEFB400DF39EE /* SongQueueTableViewCell.swift */,
			);
			name = "Custom Cells";
			sourceTree = "<group>";
		};
		815742E21DC0704200FF1619 /* Resources */ = {
			isa = PBXGroup;
			children = (
				811869811DBFBD0200FD2D7C /* Info.plist */,
				8118697C1DBFBD0200FD2D7C /* Assets.xcassets */,
			);
			name = Resources;
			sourceTree = "<group>";
		};
/* End PBXGroup section */

/* Begin PBXNativeTarget section */
		811869711DBFBD0100FD2D7C /* OnAir */ = {
			isa = PBXNativeTarget;
			buildConfigurationList = 8118699A1DBFBD0200FD2D7C /* Build configuration list for PBXNativeTarget "OnAir" */;
			buildPhases = (
				8118696E1DBFBD0100FD2D7C /* Sources */,
				8118696F1DBFBD0100FD2D7C /* Frameworks */,
				811869701DBFBD0100FD2D7C /* Resources */,
			);
			buildRules = (
			);
			dependencies = (
			);
			name = OnAir;
			productName = OnAir;
			productReference = 811869721DBFBD0200FD2D7C /* OnAir.app */;
			productType = "com.apple.product-type.application";
		};
		811869851DBFBD0200FD2D7C /* OnAirTests */ = {
			isa = PBXNativeTarget;
			buildConfigurationList = 8118699D1DBFBD0200FD2D7C /* Build configuration list for PBXNativeTarget "OnAirTests" */;
			buildPhases = (
				811869821DBFBD0200FD2D7C /* Sources */,
				811869831DBFBD0200FD2D7C /* Frameworks */,
				811869841DBFBD0200FD2D7C /* Resources */,
			);
			buildRules = (
			);
			dependencies = (
				811869881DBFBD0200FD2D7C /* PBXTargetDependency */,
			);
			name = OnAirTests;
			productName = OnAirTests;
			productReference = 811869861DBFBD0200FD2D7C /* OnAirTests.xctest */;
			productType = "com.apple.product-type.bundle.unit-test";
		};
		811869901DBFBD0200FD2D7C /* OnAirUITests */ = {
			isa = PBXNativeTarget;
			buildConfigurationList = 811869A01DBFBD0200FD2D7C /* Build configuration list for PBXNativeTarget "OnAirUITests" */;
			buildPhases = (
				8118698D1DBFBD0200FD2D7C /* Sources */,
				8118698E1DBFBD0200FD2D7C /* Frameworks */,
				8118698F1DBFBD0200FD2D7C /* Resources */,
			);
			buildRules = (
			);
			dependencies = (
				811869931DBFBD0200FD2D7C /* PBXTargetDependency */,
			);
			name = OnAirUITests;
			productName = OnAirUITests;
			productReference = 811869911DBFBD0200FD2D7C /* OnAirUITests.xctest */;
			productType = "com.apple.product-type.bundle.ui-testing";
		};
/* End PBXNativeTarget section */

/* Begin PBXProject section */
		8118696A1DBFBD0100FD2D7C /* Project object */ = {
			isa = PBXProject;
			attributes = {
				LastSwiftUpdateCheck = 0800;
				LastUpgradeCheck = 0800;
				ORGANIZATIONNAME = "Jake Swedenbug";
				TargetAttributes = {
					811869711DBFBD0100FD2D7C = {
						CreatedOnToolsVersion = 8.0;
						ProvisioningStyle = Automatic;
					};
					811869851DBFBD0200FD2D7C = {
						CreatedOnToolsVersion = 8.0;
						DevelopmentTeam = K723TX5AY3;
						ProvisioningStyle = Automatic;
						TestTargetID = 811869711DBFBD0100FD2D7C;
					};
					811869901DBFBD0200FD2D7C = {
						CreatedOnToolsVersion = 8.0;
						DevelopmentTeam = K723TX5AY3;
						ProvisioningStyle = Automatic;
						TestTargetID = 811869711DBFBD0100FD2D7C;
					};
				};
			};
			buildConfigurationList = 8118696D1DBFBD0100FD2D7C /* Build configuration list for PBXProject "OnAir" */;
			compatibilityVersion = "Xcode 3.2";
			developmentRegion = English;
			hasScannedForEncodings = 0;
			knownRegions = (
				en,
				Base,
			);
			mainGroup = 811869691DBFBD0100FD2D7C;
			productRefGroup = 811869731DBFBD0200FD2D7C /* Products */;
			projectDirPath = "";
			projectRoot = "";
			targets = (
				811869711DBFBD0100FD2D7C /* OnAir */,
				811869851DBFBD0200FD2D7C /* OnAirTests */,
				811869901DBFBD0200FD2D7C /* OnAirUITests */,
			);
		};
/* End PBXProject section */

/* Begin PBXResourcesBuildPhase section */
		811869701DBFBD0100FD2D7C /* Resources */ = {
			isa = PBXResourcesBuildPhase;
			buildActionMask = 2147483647;
			files = (
				811869801DBFBD0200FD2D7C /* LaunchScreen.storyboard in Resources */,
				8118697D1DBFBD0200FD2D7C /* Assets.xcassets in Resources */,
				815742DC1DC00BA100FF1619 /* BroadcastMusicPlayer.storyboard in Resources */,
				8118697B1DBFBD0200FD2D7C /* SearchAndQueue.storyboard in Resources */,
				815742DA1DC00B8800FF1619 /* ListenerMusicPlayer.storyboard in Resources */,
				811FD0FE1DC641DE0086AC3D /* TabBar.storyboard in Resources */,
				815742D81DC00B7F00FF1619 /* Discovery.storyboard in Resources */,
			);
			runOnlyForDeploymentPostprocessing = 0;
		};
		811869841DBFBD0200FD2D7C /* Resources */ = {
			isa = PBXResourcesBuildPhase;
			buildActionMask = 2147483647;
			files = (
			);
			runOnlyForDeploymentPostprocessing = 0;
		};
		8118698F1DBFBD0200FD2D7C /* Resources */ = {
			isa = PBXResourcesBuildPhase;
			buildActionMask = 2147483647;
			files = (
			);
			runOnlyForDeploymentPostprocessing = 0;
		};
/* End PBXResourcesBuildPhase section */

/* Begin PBXSourcesBuildPhase section */
		8118696E1DBFBD0100FD2D7C /* Sources */ = {
			isa = PBXSourcesBuildPhase;
			buildActionMask = 2147483647;
			files = (
				811FD1021DC67EDD0086AC3D /* CustomTabBar.swift in Sources */,
				4B0A94651DBFEFB400DF39EE /* SongQueueTableViewCell.swift in Sources */,
				655BAB491DBFEF080073F487 /* Song.swift in Sources */,
				655BAB6F1DBFFC740073F487 /* SongQueueController.swift in Sources */,
				815742D31DBFE72800FF1619 /* DiscoveryViewController.swift in Sources */,
				652EF04F1DC129E60020009B /* SearchResultsViewController.swift in Sources */,
				815743021DC1277E00FF1619 /* BroadcastMusicPlayerViewController.swift in Sources */,
				815742D51DBFEE5100FF1619 /* MPCManager.swift in Sources */,
				652EF0511DC13FE10020009B /* ImageController.swift in Sources */,
				655BAB4B1DBFEF180073F487 /* Album.swift in Sources */,
				652EF0531DC149B60020009B /* SearchController.swift in Sources */,
				811869761DBFBD0200FD2D7C /* AppDelegate.swift in Sources */,
				0FDD3FBB1DC25F5900AA3CCD /* ListenerMusicPlayerViewController.swift in Sources */,
				0FDD40221DC31C5400AA3CCD /* PreviouslyPlayedSongTableViewCell.swift in Sources */,
				811FD1001DC6494E0086AC3D /* CustomTabBarController.swift in Sources */,
				4B0A945F1DBFCA6700DF39EE /* SegmentedControlViewController.swift in Sources */,
				0FC780AF1DC14131009515A9 /* MusicPlayerController.swift in Sources */,
				4B0A94631DBFE7A900DF39EE /* SegmentedControl.swift in Sources */,
				652EF04B1DC118280020009B /* AlbumController.swift in Sources */,
				4B0A94611DBFE46900DF39EE /* SongQueueViewController.swift in Sources */,
				652EF0491DC111B60020009B /* NetworkController.swift in Sources */,
				81CA0FA41DC7A34700062511 /* CustomTabBarItem.swift in Sources */,
			);
			runOnlyForDeploymentPostprocessing = 0;
		};
		811869821DBFBD0200FD2D7C /* Sources */ = {
			isa = PBXSourcesBuildPhase;
			buildActionMask = 2147483647;
			files = (
				8118698B1DBFBD0200FD2D7C /* OnAirTests.swift in Sources */,
			);
			runOnlyForDeploymentPostprocessing = 0;
		};
		8118698D1DBFBD0200FD2D7C /* Sources */ = {
			isa = PBXSourcesBuildPhase;
			buildActionMask = 2147483647;
			files = (
				811869961DBFBD0200FD2D7C /* OnAirUITests.swift in Sources */,
			);
			runOnlyForDeploymentPostprocessing = 0;
		};
/* End PBXSourcesBuildPhase section */

/* Begin PBXTargetDependency section */
		811869881DBFBD0200FD2D7C /* PBXTargetDependency */ = {
			isa = PBXTargetDependency;
			target = 811869711DBFBD0100FD2D7C /* OnAir */;
			targetProxy = 811869871DBFBD0200FD2D7C /* PBXContainerItemProxy */;
		};
		811869931DBFBD0200FD2D7C /* PBXTargetDependency */ = {
			isa = PBXTargetDependency;
			target = 811869711DBFBD0100FD2D7C /* OnAir */;
			targetProxy = 811869921DBFBD0200FD2D7C /* PBXContainerItemProxy */;
		};
/* End PBXTargetDependency section */

/* Begin PBXVariantGroup section */
		811869791DBFBD0200FD2D7C /* SearchAndQueue.storyboard */ = {
			isa = PBXVariantGroup;
			children = (
				8118697A1DBFBD0200FD2D7C /* Base */,
			);
			name = SearchAndQueue.storyboard;
			sourceTree = "<group>";
		};
		8118697E1DBFBD0200FD2D7C /* LaunchScreen.storyboard */ = {
			isa = PBXVariantGroup;
			children = (
				8118697F1DBFBD0200FD2D7C /* Base */,
			);
			name = LaunchScreen.storyboard;
			sourceTree = "<group>";
		};
		815742D61DC00B7F00FF1619 /* Discovery.storyboard */ = {
			isa = PBXVariantGroup;
			children = (
				815742D71DC00B7F00FF1619 /* Base */,
			);
			name = Discovery.storyboard;
			sourceTree = "<group>";
		};
/* End PBXVariantGroup section */

/* Begin XCBuildConfiguration section */
		811869981DBFBD0200FD2D7C /* Debug */ = {
			isa = XCBuildConfiguration;
			buildSettings = {
				ALWAYS_SEARCH_USER_PATHS = NO;
				CLANG_ANALYZER_NONNULL = YES;
				CLANG_CXX_LANGUAGE_STANDARD = "gnu++0x";
				CLANG_CXX_LIBRARY = "libc++";
				CLANG_ENABLE_MODULES = YES;
				CLANG_ENABLE_OBJC_ARC = YES;
				CLANG_WARN_BOOL_CONVERSION = YES;
				CLANG_WARN_CONSTANT_CONVERSION = YES;
				CLANG_WARN_DIRECT_OBJC_ISA_USAGE = YES_ERROR;
				CLANG_WARN_DOCUMENTATION_COMMENTS = YES;
				CLANG_WARN_EMPTY_BODY = YES;
				CLANG_WARN_ENUM_CONVERSION = YES;
				CLANG_WARN_INFINITE_RECURSION = YES;
				CLANG_WARN_INT_CONVERSION = YES;
				CLANG_WARN_OBJC_ROOT_CLASS = YES_ERROR;
				CLANG_WARN_SUSPICIOUS_MOVES = YES;
				CLANG_WARN_UNREACHABLE_CODE = YES;
				CLANG_WARN__DUPLICATE_METHOD_MATCH = YES;
				"CODE_SIGN_IDENTITY[sdk=iphoneos*]" = "iPhone Developer";
				COPY_PHASE_STRIP = NO;
				DEBUG_INFORMATION_FORMAT = dwarf;
				ENABLE_STRICT_OBJC_MSGSEND = YES;
				ENABLE_TESTABILITY = YES;
				GCC_C_LANGUAGE_STANDARD = gnu99;
				GCC_DYNAMIC_NO_PIC = NO;
				GCC_NO_COMMON_BLOCKS = YES;
				GCC_OPTIMIZATION_LEVEL = 0;
				GCC_PREPROCESSOR_DEFINITIONS = (
					"DEBUG=1",
					"$(inherited)",
				);
				GCC_WARN_64_TO_32_BIT_CONVERSION = YES;
				GCC_WARN_ABOUT_RETURN_TYPE = YES_ERROR;
				GCC_WARN_UNDECLARED_SELECTOR = YES;
				GCC_WARN_UNINITIALIZED_AUTOS = YES_AGGRESSIVE;
				GCC_WARN_UNUSED_FUNCTION = YES;
				GCC_WARN_UNUSED_VARIABLE = YES;
				IPHONEOS_DEPLOYMENT_TARGET = 10.0;
				MTL_ENABLE_DEBUG_INFO = YES;
				ONLY_ACTIVE_ARCH = YES;
				SDKROOT = iphoneos;
				SWIFT_ACTIVE_COMPILATION_CONDITIONS = DEBUG;
				SWIFT_OPTIMIZATION_LEVEL = "-Onone";
				TARGETED_DEVICE_FAMILY = "1,2";
			};
			name = Debug;
		};
		811869991DBFBD0200FD2D7C /* Release */ = {
			isa = XCBuildConfiguration;
			buildSettings = {
				ALWAYS_SEARCH_USER_PATHS = NO;
				CLANG_ANALYZER_NONNULL = YES;
				CLANG_CXX_LANGUAGE_STANDARD = "gnu++0x";
				CLANG_CXX_LIBRARY = "libc++";
				CLANG_ENABLE_MODULES = YES;
				CLANG_ENABLE_OBJC_ARC = YES;
				CLANG_WARN_BOOL_CONVERSION = YES;
				CLANG_WARN_CONSTANT_CONVERSION = YES;
				CLANG_WARN_DIRECT_OBJC_ISA_USAGE = YES_ERROR;
				CLANG_WARN_DOCUMENTATION_COMMENTS = YES;
				CLANG_WARN_EMPTY_BODY = YES;
				CLANG_WARN_ENUM_CONVERSION = YES;
				CLANG_WARN_INFINITE_RECURSION = YES;
				CLANG_WARN_INT_CONVERSION = YES;
				CLANG_WARN_OBJC_ROOT_CLASS = YES_ERROR;
				CLANG_WARN_SUSPICIOUS_MOVES = YES;
				CLANG_WARN_UNREACHABLE_CODE = YES;
				CLANG_WARN__DUPLICATE_METHOD_MATCH = YES;
				"CODE_SIGN_IDENTITY[sdk=iphoneos*]" = "iPhone Developer";
				COPY_PHASE_STRIP = NO;
				DEBUG_INFORMATION_FORMAT = "dwarf-with-dsym";
				ENABLE_NS_ASSERTIONS = NO;
				ENABLE_STRICT_OBJC_MSGSEND = YES;
				GCC_C_LANGUAGE_STANDARD = gnu99;
				GCC_NO_COMMON_BLOCKS = YES;
				GCC_WARN_64_TO_32_BIT_CONVERSION = YES;
				GCC_WARN_ABOUT_RETURN_TYPE = YES_ERROR;
				GCC_WARN_UNDECLARED_SELECTOR = YES;
				GCC_WARN_UNINITIALIZED_AUTOS = YES_AGGRESSIVE;
				GCC_WARN_UNUSED_FUNCTION = YES;
				GCC_WARN_UNUSED_VARIABLE = YES;
				IPHONEOS_DEPLOYMENT_TARGET = 10.0;
				MTL_ENABLE_DEBUG_INFO = NO;
				SDKROOT = iphoneos;
				SWIFT_OPTIMIZATION_LEVEL = "-Owholemodule";
				TARGETED_DEVICE_FAMILY = "1,2";
				VALIDATE_PRODUCT = YES;
			};
			name = Release;
		};
		8118699B1DBFBD0200FD2D7C /* Debug */ = {
			isa = XCBuildConfiguration;
			buildSettings = {
				ASSETCATALOG_COMPILER_APPICON_NAME = AppIcon;
				DEVELOPMENT_TEAM = "";
				INFOPLIST_FILE = OnAir/Info.plist;
				LD_RUNPATH_SEARCH_PATHS = "$(inherited) @executable_path/Frameworks";
				PRODUCT_BUNDLE_IDENTIFIER = comjakeswedenburgonair;
				PRODUCT_NAME = "$(TARGET_NAME)";
				SWIFT_VERSION = 3.0;
				TARGETED_DEVICE_FAMILY = "1,2";
			};
			name = Debug;
		};
		8118699C1DBFBD0200FD2D7C /* Release */ = {
			isa = XCBuildConfiguration;
			buildSettings = {
				ASSETCATALOG_COMPILER_APPICON_NAME = AppIcon;
				DEVELOPMENT_TEAM = "";
				INFOPLIST_FILE = OnAir/Info.plist;
				LD_RUNPATH_SEARCH_PATHS = "$(inherited) @executable_path/Frameworks";
				PRODUCT_BUNDLE_IDENTIFIER = comjakeswedenburgonair;
				PRODUCT_NAME = "$(TARGET_NAME)";
				SWIFT_VERSION = 3.0;
				TARGETED_DEVICE_FAMILY = "1,2";
			};
			name = Release;
		};
		8118699E1DBFBD0200FD2D7C /* Debug */ = {
			isa = XCBuildConfiguration;
			buildSettings = {
				ALWAYS_EMBED_SWIFT_STANDARD_LIBRARIES = YES;
				BUNDLE_LOADER = "$(TEST_HOST)";
				DEVELOPMENT_TEAM = K723TX5AY3;
				INFOPLIST_FILE = OnAirTests/Info.plist;
				LD_RUNPATH_SEARCH_PATHS = "$(inherited) @executable_path/Frameworks @loader_path/Frameworks";
				PRODUCT_BUNDLE_IDENTIFIER = com.jakeswedenburg.OnAirTests;
				PRODUCT_NAME = "$(TARGET_NAME)";
				SWIFT_VERSION = 3.0;
				TEST_HOST = "$(BUILT_PRODUCTS_DIR)/OnAir.app/OnAir";
			};
			name = Debug;
		};
		8118699F1DBFBD0200FD2D7C /* Release */ = {
			isa = XCBuildConfiguration;
			buildSettings = {
				ALWAYS_EMBED_SWIFT_STANDARD_LIBRARIES = YES;
				BUNDLE_LOADER = "$(TEST_HOST)";
				DEVELOPMENT_TEAM = K723TX5AY3;
				INFOPLIST_FILE = OnAirTests/Info.plist;
				LD_RUNPATH_SEARCH_PATHS = "$(inherited) @executable_path/Frameworks @loader_path/Frameworks";
				PRODUCT_BUNDLE_IDENTIFIER = com.jakeswedenburg.OnAirTests;
				PRODUCT_NAME = "$(TARGET_NAME)";
				SWIFT_VERSION = 3.0;
				TEST_HOST = "$(BUILT_PRODUCTS_DIR)/OnAir.app/OnAir";
			};
			name = Release;
		};
		811869A11DBFBD0200FD2D7C /* Debug */ = {
			isa = XCBuildConfiguration;
			buildSettings = {
				ALWAYS_EMBED_SWIFT_STANDARD_LIBRARIES = YES;
				DEVELOPMENT_TEAM = K723TX5AY3;
				INFOPLIST_FILE = OnAirUITests/Info.plist;
				LD_RUNPATH_SEARCH_PATHS = "$(inherited) @executable_path/Frameworks @loader_path/Frameworks";
				PRODUCT_BUNDLE_IDENTIFIER = com.jakeswedenburg.OnAirUITests;
				PRODUCT_NAME = "$(TARGET_NAME)";
				SWIFT_VERSION = 3.0;
				TEST_TARGET_NAME = OnAir;
			};
			name = Debug;
		};
		811869A21DBFBD0200FD2D7C /* Release */ = {
			isa = XCBuildConfiguration;
			buildSettings = {
				ALWAYS_EMBED_SWIFT_STANDARD_LIBRARIES = YES;
				DEVELOPMENT_TEAM = K723TX5AY3;
				INFOPLIST_FILE = OnAirUITests/Info.plist;
				LD_RUNPATH_SEARCH_PATHS = "$(inherited) @executable_path/Frameworks @loader_path/Frameworks";
				PRODUCT_BUNDLE_IDENTIFIER = com.jakeswedenburg.OnAirUITests;
				PRODUCT_NAME = "$(TARGET_NAME)";
				SWIFT_VERSION = 3.0;
				TEST_TARGET_NAME = OnAir;
			};
			name = Release;
		};
/* End XCBuildConfiguration section */

/* Begin XCConfigurationList section */
		8118696D1DBFBD0100FD2D7C /* Build configuration list for PBXProject "OnAir" */ = {
			isa = XCConfigurationList;
			buildConfigurations = (
				811869981DBFBD0200FD2D7C /* Debug */,
				811869991DBFBD0200FD2D7C /* Release */,
			);
			defaultConfigurationIsVisible = 0;
			defaultConfigurationName = Release;
		};
		8118699A1DBFBD0200FD2D7C /* Build configuration list for PBXNativeTarget "OnAir" */ = {
			isa = XCConfigurationList;
			buildConfigurations = (
				8118699B1DBFBD0200FD2D7C /* Debug */,
				8118699C1DBFBD0200FD2D7C /* Release */,
			);
			defaultConfigurationIsVisible = 0;
			defaultConfigurationName = Release;
		};
		8118699D1DBFBD0200FD2D7C /* Build configuration list for PBXNativeTarget "OnAirTests" */ = {
			isa = XCConfigurationList;
			buildConfigurations = (
				8118699E1DBFBD0200FD2D7C /* Debug */,
				8118699F1DBFBD0200FD2D7C /* Release */,
			);
			defaultConfigurationIsVisible = 0;
			defaultConfigurationName = Release;
		};
		811869A01DBFBD0200FD2D7C /* Build configuration list for PBXNativeTarget "OnAirUITests" */ = {
			isa = XCConfigurationList;
			buildConfigurations = (
				811869A11DBFBD0200FD2D7C /* Debug */,
				811869A21DBFBD0200FD2D7C /* Release */,
			);
			defaultConfigurationIsVisible = 0;
			defaultConfigurationName = Release;
		};
/* End XCConfigurationList section */
	};
	rootObject = 8118696A1DBFBD0100FD2D7C /* Project object */;
}
